
Microsoft Visual Studio Solution File, Format Version 12.00
# Visual Studio 14
VisualStudioVersion = 14.0.25420.1
MinimumVisualStudioVersion = 10.0.40219.1
Project("{FAE04EC0-301F-11D3-BF4B-00C04F79EFBC}") = "LoxSharp", "LoxSharp\LoxSharp.csproj", "{6272CBA7-4D84-47C6-B464-4C3F3A94378F}"
EndProject
Project("{2150E333-8FDC-42A3-9474-1A3956D46DE8}") = "Solution Items", "Solution Items", "{BD42C1C5-08B5-4548-9504-9FB2298DAC3C}"
EndProject
Global
	GlobalSection(SolutionConfigurationPlatforms) = preSolution
		Debug|Any CPU = Debug|Any CPU
		Release|Any CPU = Release|Any CPU
	EndGlobalSection
	GlobalSection(ProjectConfigurationPlatforms) = postSolution
		{6272CBA7-4D84-47C6-B464-4C3F3A94378F}.Debug|Any CPU.ActiveCfg = Debug|Any CPU
		{6272CBA7-4D84-47C6-B464-4C3F3A94378F}.Debug|Any CPU.Build.0 = Debug|Any CPU
		{6272CBA7-4D84-47C6-B464-4C3F3A94378F}.Release|Any CPU.ActiveCfg = Release|Any CPU
		{6272CBA7-4D84-47C6-B464-4C3F3A94378F}.Release|Any CPU.Build.0 = Release|Any CPU
	EndGlobalSection
	GlobalSection(SolutionProperties) = preSolution
		HideSolutionNode = FALSE
	EndGlobalSection
EndGlobal
